
Microsoft Visual Studio Solution File, Format Version 12.00
# Visual Studio 15
VisualStudioVersion = 15.0.28307.271
MinimumVisualStudioVersion = 10.0.40219.1
Project("{FAE04EC0-301F-11D3-BF4B-00C04F79EFBC}") = "RabbitmqTest2", "RabbitmqTest2\RabbitmqTest2.csproj", "{BDC11D21-164C-4CC9-9A36-E3372EE08524}"
EndProject
Global
	GlobalSection(SolutionConfigurationPlatforms) = preSolution
		Debug|Any CPU = Debug|Any CPU
		Release|Any CPU = Release|Any CPU
	EndGlobalSection
	GlobalSection(ProjectConfigurationPlatforms) = postSolution
		{BDC11D21-164C-4CC9-9A36-E3372EE08524}.Debug|Any CPU.ActiveCfg = Debug|Any CPU
		{BDC11D21-164C-4CC9-9A36-E3372EE08524}.Debug|Any CPU.Build.0 = Debug|Any CPU
		{BDC11D21-164C-4CC9-9A36-E3372EE08524}.Release|Any CPU.ActiveCfg = Release|Any CPU
		{BDC11D21-164C-4CC9-9A36-E3372EE08524}.Release|Any CPU.Build.0 = Release|Any CPU
	EndGlobalSection
	GlobalSection(SolutionProperties) = preSolution
		HideSolutionNode = FALSE
	EndGlobalSection
	GlobalSection(ExtensibilityGlobals) = postSolution
		SolutionGuid = {B5D946A8-855F-45B5-A03E-A10E3F98DD9F}
	EndGlobalSection
EndGlobal
